
Microsoft Visual Studio Solution File, Format Version 12.00
# Visual Studio Version 16
VisualStudioVersion = 16.0.32413.511
MinimumVisualStudioVersion = 10.0.40219.1
Project("{888888A0-9F3D-457C-B088-3A5042F75D52}") = "SOAP_FIRST", "SOAP_FIRST\SOAP_FIRST.pyproj", "{DEF5AC62-DFDE-4B94-AF1B-F52F55F78E39}"
EndProject
Global
	GlobalSection(SolutionConfigurationPlatforms) = preSolution
		Debug|Any CPU = Debug|Any CPU
		Release|Any CPU = Release|Any CPU
	EndGlobalSection
	GlobalSection(ProjectConfigurationPlatforms) = postSolution
		{DEF5AC62-DFDE-4B94-AF1B-F52F55F78E39}.Debug|Any CPU.ActiveCfg = Debug|Any CPU
		{DEF5AC62-DFDE-4B94-AF1B-F52F55F78E39}.Debug|Any CPU.Build.0 = Debug|Any CPU
		{DEF5AC62-DFDE-4B94-AF1B-F52F55F78E39}.Release|Any CPU.ActiveCfg = Release|Any CPU
		{DEF5AC62-DFDE-4B94-AF1B-F52F55F78E39}.Release|Any CPU.Build.0 = Release|Any CPU
	EndGlobalSection
	GlobalSection(SolutionProperties) = preSolution
		HideSolutionNode = FALSE
	EndGlobalSection
	GlobalSection(ExtensibilityGlobals) = postSolution
		SolutionGuid = {53D4BB6C-6280-4CC0-B9E1-83FEBCE69CB5}
	EndGlobalSection
EndGlobal
